
Microsoft Visual Studio Solution File, Format Version 12.00
# Visual Studio Version 17
VisualStudioVersion = 17.0.31903.59
MinimumVisualStudioVersion = 10.0.40219.1
Project("{FAE04EC0-301F-11D3-BF4B-00C04F79EFBC}") = "FenixLegalOs", "FenixLegalOs.csproj", "{95CA1462-08AF-4F3C-AD9B-020D5AC572E1}"
EndProject
Project("{2150E333-8FDC-42A3-9474-1A3956D46DE8}") = "tests", "tests", "{0AB3BF05-4346-4AA6-1389-037BE0695223}"
EndProject
Project("{FAE04EC0-301F-11D3-BF4B-00C04F79EFBC}") = "FenixLegalOs.Tests", "tests\FenixLegalOs.Tests.csproj", "{A1B3A398-3A7A-4C67-BD2D-08D2F8CC253B}"
EndProject
Global
	GlobalSection(SolutionConfigurationPlatforms) = preSolution
		Debug|Any CPU = Debug|Any CPU
		Debug|x64 = Debug|x64
		Debug|x86 = Debug|x86
		Release|Any CPU = Release|Any CPU
		Release|x64 = Release|x64
		Release|x86 = Release|x86
	EndGlobalSection
	GlobalSection(ProjectConfigurationPlatforms) = postSolution
		{95CA1462-08AF-4F3C-AD9B-020D5AC572E1}.Debug|Any CPU.ActiveCfg = Debug|Any CPU
		{95CA1462-08AF-4F3C-AD9B-020D5AC572E1}.Debug|Any CPU.Build.0 = Debug|Any CPU
		{95CA1462-08AF-4F3C-AD9B-020D5AC572E1}.Debug|x64.ActiveCfg = Debug|Any CPU
		{95CA1462-08AF-4F3C-AD9B-020D5AC572E1}.Debug|x64.Build.0 = Debug|Any CPU
		{95CA1462-08AF-4F3C-AD9B-020D5AC572E1}.Debug|x86.ActiveCfg = Debug|Any CPU
		{95CA1462-08AF-4F3C-AD9B-020D5AC572E1}.Debug|x86.Build.0 = Debug|Any CPU
		{95CA1462-08AF-4F3C-AD9B-020D5AC572E1}.Release|Any CPU.ActiveCfg = Release|Any CPU
		{95CA1462-08AF-4F3C-AD9B-020D5AC572E1}.Release|Any CPU.Build.0 = Release|Any CPU
		{95CA1462-08AF-4F3C-AD9B-020D5AC572E1}.Release|x64.ActiveCfg = Release|Any CPU
		{95CA1462-08AF-4F3C-AD9B-020D5AC572E1}.Release|x64.Build.0 = Release|Any CPU
		{95CA1462-08AF-4F3C-AD9B-020D5AC572E1}.Release|x86.ActiveCfg = Release|Any CPU
		{95CA1462-08AF-4F3C-AD9B-020D5AC572E1}.Release|x86.Build.0 = Release|Any CPU
		{A1B3A398-3A7A-4C67-BD2D-08D2F8CC253B}.Debug|Any CPU.ActiveCfg = Debug|Any CPU
		{A1B3A398-3A7A-4C67-BD2D-08D2F8CC253B}.Debug|Any CPU.Build.0 = Debug|Any CPU
		{A1B3A398-3A7A-4C67-BD2D-08D2F8CC253B}.Debug|x64.ActiveCfg = Debug|Any CPU
		{A1B3A398-3A7A-4C67-BD2D-08D2F8CC253B}.Debug|x64.Build.0 = Debug|Any CPU
		{A1B3A398-3A7A-4C67-BD2D-08D2F8CC253B}.Debug|x86.ActiveCfg = Debug|Any CPU
		{A1B3A398-3A7A-4C67-BD2D-08D2F8CC253B}.Debug|x86.Build.0 = Debug|Any CPU
		{A1B3A398-3A7A-4C67-BD2D-08D2F8CC253B}.Release|Any CPU.ActiveCfg = Release|Any CPU
		{A1B3A398-3A7A-4C67-BD2D-08D2F8CC253B}.Release|Any CPU.Build.0 = Release|Any CPU
		{A1B3A398-3A7A-4C67-BD2D-08D2F8CC253B}.Release|x64.ActiveCfg = Release|Any CPU
		{A1B3A398-3A7A-4C67-BD2D-08D2F8CC253B}.Release|x64.Build.0 = Release|Any CPU
		{A1B3A398-3A7A-4C67-BD2D-08D2F8CC253B}.Release|x86.ActiveCfg = Release|Any CPU
		{A1B3A398-3A7A-4C67-BD2D-08D2F8CC253B}.Release|x86.Build.0 = Release|Any CPU
	EndGlobalSection
	GlobalSection(SolutionProperties) = preSolution
		HideSolutionNode = FALSE
	EndGlobalSection
	GlobalSection(NestedProjects) = preSolution
		{A1B3A398-3A7A-4C67-BD2D-08D2F8CC253B} = {0AB3BF05-4346-4AA6-1389-037BE0695223}
	EndGlobalSection
EndGlobal
